// !$*UTF8*$!
{
	archiveVersion = 1;
	classes = {
	};
	objectVersion = 50;
	objects = {

/* Begin PBXBuildFile section */
		7A40A99523FB9842008B6178 /* AppDelegate.swift in Sources */ = {isa = PBXBuildFile; fileRef = 7A40A99423FB9842008B6178 /* AppDelegate.swift */; };
		7A40A99723FB9842008B6178 /* SceneDelegate.swift in Sources */ = {isa = PBXBuildFile; fileRef = 7A40A99623FB9842008B6178 /* SceneDelegate.swift */; };
		7A40A99923FB9842008B6178 /* ItemsViewController.swift in Sources */ = {isa = PBXBuildFile; fileRef = 7A40A99823FB9842008B6178 /* ItemsViewController.swift */; };
		7A40A99C23FB9842008B6178 /* Main.storyboard in Resources */ = {isa = PBXBuildFile; fileRef = 7A40A99A23FB9842008B6178 /* Main.storyboard */; };
		7A40A99E23FB9849008B6178 /* Assets.xcassets in Resources */ = {isa = PBXBuildFile; fileRef = 7A40A99D23FB9849008B6178 /* Assets.xcassets */; };
		7A40A9A123FB9849008B6178 /* LaunchScreen.storyboard in Resources */ = {isa = PBXBuildFile; fileRef = 7A40A99F23FB9849008B6178 /* LaunchScreen.storyboard */; };
		7A40A9AC23FB984A008B6178 /* HomepwnerTests.swift in Sources */ = {isa = PBXBuildFile; fileRef = 7A40A9AB23FB984A008B6178 /* HomepwnerTests.swift */; };
		7A40A9B723FB984B008B6178 /* HomepwnerUITests.swift in Sources */ = {isa = PBXBuildFile; fileRef = 7A40A9B623FB984B008B6178 /* HomepwnerUITests.swift */; };
		7A40A9C523FB9AF7008B6178 /* item.swift in Sources */ = {isa = PBXBuildFile; fileRef = 7A40A9C423FB9AF7008B6178 /* item.swift */; };
		7A40A9C723FB9E39008B6178 /* ItemStore.swift in Sources */ = {isa = PBXBuildFile; fileRef = 7A40A9C623FB9E39008B6178 /* ItemStore.swift */; };
		7A4D13E3243C4F0900EA70B8 /* ImageStore.swift in Sources */ = {isa = PBXBuildFile; fileRef = 7A4D13E2243C4F0900EA70B8 /* ImageStore.swift */; };
		7A7CF4F1241622C100C4549A /* DetailViewController.swift in Sources */ = {isa = PBXBuildFile; fileRef = 7A7CF4F0241622C100C4549A /* DetailViewController.swift */; };
		7A833A602404DD5900C2B75D /* ItemCell.swift in Sources */ = {isa = PBXBuildFile; fileRef = 7A833A5F2404DD5900C2B75D /* ItemCell.swift */; };
/* End PBXBuildFile section */

/* Begin PBXContainerItemProxy section */
		7A40A9A823FB984A008B6178 /* PBXContainerItemProxy */ = {
			isa = PBXContainerItemProxy;
			containerPortal = 7A40A98923FB9841008B6178 /* Project object */;
			proxyType = 1;
			remoteGlobalIDString = 7A40A99023FB9841008B6178;
			remoteInfo = Homepwner;
		};
		7A40A9B323FB984A008B6178 /* PBXContainerItemProxy */ = {
			isa = PBXContainerItemProxy;
			containerPortal = 7A40A98923FB9841008B6178 /* Project object */;
			proxyType = 1;
			remoteGlobalIDString = 7A40A99023FB9841008B6178;
			remoteInfo = Homepwner;
		};
/* End PBXContainerItemProxy section */

/* Begin PBXFileReference section */
		7A40A99123FB9841008B6178 /* Homepwner.app */ = {isa = PBXFileReference; explicitFileType = wrapper.application; includeInIndex = 0; path = Homepwner.app; sourceTree = BUILT_PRODUCTS_DIR; };
		7A40A99423FB9842008B6178 /* AppDelegate.swift */ = {isa = PBXFileReference; lastKnownFileType = sourcecode.swift; path = AppDelegate.swift; sourceTree = "<group>"; };
		7A40A99623FB9842008B6178 /* SceneDelegate.swift */ = {isa = PBXFileReference; lastKnownFileType = sourcecode.swift; path = SceneDelegate.swift; sourceTree = "<group>"; };
		7A40A99823FB9842008B6178 /* ItemsViewController.swift */ = {isa = PBXFileReference; lastKnownFileType = sourcecode.swift; path = ItemsViewController.swift; sourceTree = "<group>"; };
		7A40A99B23FB9842008B6178 /* Base */ = {isa = PBXFileReference; lastKnownFileType = file.storyboard; name = Base; path = Base.lproj/Main.storyboard; sourceTree = "<group>"; };
		7A40A99D23FB9849008B6178 /* Assets.xcassets */ = {isa = PBXFileReference; lastKnownFileType = folder.assetcatalog; path = Assets.xcassets; sourceTree = "<group>"; };
		7A40A9A023FB9849008B6178 /* Base */ = {isa = PBXFileReference; lastKnownFileType = file.storyboard; name = Base; path = Base.lproj/LaunchScreen.storyboard; sourceTree = "<group>"; };
		7A40A9A223FB9849008B6178 /* Info.plist */ = {isa = PBXFileReference; lastKnownFileType = text.plist.xml; path = Info.plist; sourceTree = "<group>"; };
		7A40A9A723FB984A008B6178 /* HomepwnerTests.xctest */ = {isa = PBXFileReference; explicitFileType = wrapper.cfbundle; includeInIndex = 0; path = HomepwnerTests.xctest; sourceTree = BUILT_PRODUCTS_DIR; };
		7A40A9AB23FB984A008B6178 /* HomepwnerTests.swift */ = {isa = PBXFileReference; lastKnownFileType = sourcecode.swift; path = HomepwnerTests.swift; sourceTree = "<group>"; };
		7A40A9AD23FB984A008B6178 /* Info.plist */ = {isa = PBXFileReference; lastKnownFileType = text.plist.xml; path = Info.plist; sourceTree = "<group>"; };
		7A40A9B223FB984A008B6178 /* HomepwnerUITests.xctest */ = {isa = PBXFileReference; explicitFileType = wrapper.cfbundle; includeInIndex = 0; path = HomepwnerUITests.xctest; sourceTree = BUILT_PRODUCTS_DIR; };
		7A40A9B623FB984B008B6178 /* HomepwnerUITests.swift */ = {isa = PBXFileReference; lastKnownFileType = sourcecode.swift; path = HomepwnerUITests.swift; sourceTree = "<group>"; };
		7A40A9B823FB984B008B6178 /* Info.plist */ = {isa = PBXFileReference; lastKnownFileType = text.plist.xml; path = Info.plist; sourceTree = "<group>"; };
		7A40A9C423FB9AF7008B6178 /* item.swift */ = {isa = PBXFileReference; lastKnownFileType = sourcecode.swift; path = item.swift; sourceTree = "<group>"; };
		7A40A9C623FB9E39008B6178 /* ItemStore.swift */ = {isa = PBXFileReference; lastKnownFileType = sourcecode.swift; path = ItemStore.swift; sourceTree = "<group>"; };
		7A4D13E2243C4F0900EA70B8 /* ImageStore.swift */ = {isa = PBXFileReference; lastKnownFileType = sourcecode.swift; path = ImageStore.swift; sourceTree = "<group>"; };
		7A7CF4F0241622C100C4549A /* DetailViewController.swift */ = {isa = PBXFileReference; lastKnownFileType = sourcecode.swift; path = DetailViewController.swift; sourceTree = "<group>"; };
		7A833A5F2404DD5900C2B75D /* ItemCell.swift */ = {isa = PBXFileReference; lastKnownFileType = sourcecode.swift; path = ItemCell.swift; sourceTree = "<group>"; };
/* End PBXFileReference section */

/* Begin PBXFrameworksBuildPhase section */
		7A40A98E23FB9841008B6178 /* Frameworks */ = {
			isa = PBXFrameworksBuildPhase;
			buildActionMask = 2147483647;
			files = (
			);
			runOnlyForDeploymentPostprocessing = 0;
		};
		7A40A9A423FB984A008B6178 /* Frameworks */ = {
			isa = PBXFrameworksBuildPhase;
			buildActionMask = 2147483647;
			files = (
			);
			runOnlyForDeploymentPostprocessing = 0;
		};
		7A40A9AF23FB984A008B6178 /* Frameworks */ = {
			isa = PBXFrameworksBuildPhase;
			buildActionMask = 2147483647;
			files = (
			);
			runOnlyForDeploymentPostprocessing = 0;
		};
/* End PBXFrameworksBuildPhase section */

/* Begin PBXGroup section */
		7A40A98823FB9841008B6178 = {
			isa = PBXGroup;
			children = (
				7A40A99323FB9842008B6178 /* Homepwner */,
				7A40A9AA23FB984A008B6178 /* HomepwnerTests */,
				7A40A9B523FB984B008B6178 /* HomepwnerUITests */,
				7A40A99223FB9841008B6178 /* Products */,
			);
			sourceTree = "<group>";
		};
		7A40A99223FB9841008B6178 /* Products */ = {
			isa = PBXGroup;
			children = (
				7A40A99123FB9841008B6178 /* Homepwner.app */,
				7A40A9A723FB984A008B6178 /* HomepwnerTests.xctest */,
				7A40A9B223FB984A008B6178 /* HomepwnerUITests.xctest */,
			);
			name = Products;
			sourceTree = "<group>";
		};
		7A40A99323FB9842008B6178 /* Homepwner */ = {
			isa = PBXGroup;
			children = (
				7A40A99423FB9842008B6178 /* AppDelegate.swift */,
				7A40A99623FB9842008B6178 /* SceneDelegate.swift */,
				7A40A99823FB9842008B6178 /* ItemsViewController.swift */,
				7A40A99A23FB9842008B6178 /* Main.storyboard */,
				7A40A99D23FB9849008B6178 /* Assets.xcassets */,
				7A40A99F23FB9849008B6178 /* LaunchScreen.storyboard */,
				7A40A9A223FB9849008B6178 /* Info.plist */,
				7A40A9C423FB9AF7008B6178 /* item.swift */,
				7A40A9C623FB9E39008B6178 /* ItemStore.swift */,
				7A833A5F2404DD5900C2B75D /* ItemCell.swift */,
				7A7CF4F0241622C100C4549A /* DetailViewController.swift */,
				7A4D13E2243C4F0900EA70B8 /* ImageStore.swift */,
			);
			path = Homepwner;
			sourceTree = "<group>";
		};
		7A40A9AA23FB984A008B6178 /* HomepwnerTests */ = {
			isa = PBXGroup;
			children = (
				7A40A9AB23FB984A008B6178 /* HomepwnerTests.swift */,
				7A40A9AD23FB984A008B6178 /* Info.plist */,
			);
			path = HomepwnerTests;
			sourceTree = "<group>";
		};
		7A40A9B523FB984B008B6178 /* HomepwnerUITests */ = {
			isa = PBXGroup;
			children = (
				7A40A9B623FB984B008B6178 /* HomepwnerUITests.swift */,
				7A40A9B823FB984B008B6178 /* Info.plist */,
			);
			path = HomepwnerUITests;
			sourceTree = "<group>";
		};
/* End PBXGroup section */

/* Begin PBXNativeTarget section */
		7A40A99023FB9841008B6178 /* Homepwner */ = {
			isa = PBXNativeTarget;
			buildConfigurationList = 7A40A9BB23FB984B008B6178 /* Build configuration list for PBXNativeTarget "Homepwner" */;
			buildPhases = (
				7A40A98D23FB9841008B6178 /* Sources */,
				7A40A98E23FB9841008B6178 /* Frameworks */,
				7A40A98F23FB9841008B6178 /* Resources */,
			);
			buildRules = (
			);
			dependencies = (
			);
			name = Homepwner;
			productName = Homepwner;
			productReference = 7A40A99123FB9841008B6178 /* Homepwner.app */;
			productType = "com.apple.product-type.application";
		};
		7A40A9A623FB984A008B6178 /* HomepwnerTests */ = {
			isa = PBXNativeTarget;
			buildConfigurationList = 7A40A9BE23FB984B008B6178 /* Build configuration list for PBXNativeTarget "HomepwnerTests" */;
			buildPhases = (
				7A40A9A323FB984A008B6178 /* Sources */,
				7A40A9A423FB984A008B6178 /* Frameworks */,
				7A40A9A523FB984A008B6178 /* Resources */,
			);
			buildRules = (
			);
			dependencies = (
				7A40A9A923FB984A008B6178 /* PBXTargetDependency */,
			);
			name = HomepwnerTests;
			productName = HomepwnerTests;
			productReference = 7A40A9A723FB984A008B6178 /* HomepwnerTests.xctest */;
			productType = "com.apple.product-type.bundle.unit-test";
		};
		7A40A9B123FB984A008B6178 /* HomepwnerUITests */ = {
			isa = PBXNativeTarget;
			buildConfigurationList = 7A40A9C123FB984B008B6178 /* Build configuration list for PBXNativeTarget "HomepwnerUITests" */;
			buildPhases = (
				7A40A9AE23FB984A008B6178 /* Sources */,
				7A40A9AF23FB984A008B6178 /* Frameworks */,
				7A40A9B023FB984A008B6178 /* Resources */,
			);
			buildRules = (
			);
			dependencies = (
				7A40A9B423FB984A008B6178 /* PBXTargetDependency */,
			);
			name = HomepwnerUITests;
			productName = HomepwnerUITests;
			productReference = 7A40A9B223FB984A008B6178 /* HomepwnerUITests.xctest */;
			productType = "com.apple.product-type.bundle.ui-testing";
		};
/* End PBXNativeTarget section */

/* Begin PBXProject section */
		7A40A98923FB9841008B6178 /* Project object */ = {
			isa = PBXProject;
			attributes = {
				LastSwiftUpdateCheck = 1130;
				LastUpgradeCheck = 1130;
				ORGANIZATIONNAME = "Aiden Hadisi";
				TargetAttributes = {
					7A40A99023FB9841008B6178 = {
						CreatedOnToolsVersion = 11.3.1;
					};
					7A40A9A623FB984A008B6178 = {
						CreatedOnToolsVersion = 11.3.1;
						TestTargetID = 7A40A99023FB9841008B6178;
					};
					7A40A9B123FB984A008B6178 = {
						CreatedOnToolsVersion = 11.3.1;
						TestTargetID = 7A40A99023FB9841008B6178;
					};
				};
			};
			buildConfigurationList = 7A40A98C23FB9841008B6178 /* Build configuration list for PBXProject "Homepwner" */;
			compatibilityVersion = "Xcode 9.3";
			developmentRegion = en;
			hasScannedForEncodings = 0;
			knownRegions = (
				en,
				Base,
			);
			mainGroup = 7A40A98823FB9841008B6178;
			productRefGroup = 7A40A99223FB9841008B6178 /* Products */;
			projectDirPath = "";
			projectRoot = "";
			targets = (
				7A40A99023FB9841008B6178 /* Homepwner */,
				7A40A9A623FB984A008B6178 /* HomepwnerTests */,
				7A40A9B123FB984A008B6178 /* HomepwnerUITests */,
			);
		};
/* End PBXProject section */

/* Begin PBXResourcesBuildPhase section */
		7A40A98F23FB9841008B6178 /* Resources */ = {
			isa = PBXResourcesBuildPhase;
			buildActionMask = 2147483647;
			files = (
				7A40A9A123FB9849008B6178 /* LaunchScreen.storyboard in Resources */,
				7A40A99E23FB9849008B6178 /* Assets.xcassets in Resources */,
				7A40A99C23FB9842008B6178 /* Main.storyboard in Resources */,
			);
			runOnlyForDeploymentPostprocessing = 0;
		};
		7A40A9A523FB984A008B6178 /* Resources */ = {
			isa = PBXResourcesBuildPhase;
			buildActionMask = 2147483647;
			files = (
			);
			runOnlyForDeploymentPostprocessing = 0;
		};
		7A40A9B023FB984A008B6178 /* Resources */ = {
			isa = PBXResourcesBuildPhase;
			buildActionMask = 2147483647;
			files = (
			);
			runOnlyForDeploymentPostprocessing = 0;
		};
/* End PBXResourcesBuildPhase section */

/* Begin PBXSourcesBuildPhase section */
		7A40A98D23FB9841008B6178 /* Sources */ = {
			isa = PBXSourcesBuildPhase;
			buildActionMask = 2147483647;
			files = (
				7A40A9C523FB9AF7008B6178 /* item.swift in Sources */,
				7A40A99923FB9842008B6178 /* ItemsViewController.swift in Sources */,
				7A833A602404DD5900C2B75D /* ItemCell.swift in Sources */,
				7A4D13E3243C4F0900EA70B8 /* ImageStore.swift in Sources */,
				7A40A99523FB9842008B6178 /* AppDelegate.swift in Sources */,
				7A40A9C723FB9E39008B6178 /* ItemStore.swift in Sources */,
				7A40A99723FB9842008B6178 /* SceneDelegate.swift in Sources */,
				7A7CF4F1241622C100C4549A /* DetailViewController.swift in Sources */,
			);
			runOnlyForDeploymentPostprocessing = 0;
		};
		7A40A9A323FB984A008B6178 /* Sources */ = {
			isa = PBXSourcesBuildPhase;
			buildActionMask = 2147483647;
			files = (
				7A40A9AC23FB984A008B6178 /* HomepwnerTests.swift in Sources */,
			);
			runOnlyForDeploymentPostprocessing = 0;
		};
		7A40A9AE23FB984A008B6178 /* Sources */ = {
			isa = PBXSourcesBuildPhase;
			buildActionMask = 2147483647;
			files = (
				7A40A9B723FB984B008B6178 /* HomepwnerUITests.swift in Sources */,
			);
			runOnlyForDeploymentPostprocessing = 0;
		};
/* End PBXSourcesBuildPhase section */

/* Begin PBXTargetDependency section */
		7A40A9A923FB984A008B6178 /* PBXTargetDependency */ = {
			isa = PBXTargetDependency;
			target = 7A40A99023FB9841008B6178 /* Homepwner */;
			targetProxy = 7A40A9A823FB984A008B6178 /* PBXContainerItemProxy */;
		};
		7A40A9B423FB984A008B6178 /* PBXTargetDependency */ = {
			isa = PBXTargetDependency;
			target = 7A40A99023FB9841008B6178 /* Homepwner */;
			targetProxy = 7A40A9B323FB984A008B6178 /* PBXContainerItemProxy */;
		};
/* End PBXTargetDependency section */

/* Begin PBXVariantGroup section */
		7A40A99A23FB9842008B6178 /* Main.storyboard */ = {
			isa = PBXVariantGroup;
			children = (
				7A40A99B23FB9842008B6178 /* Base */,
			);
			name = Main.storyboard;
			sourceTree = "<group>";
		};
		7A40A99F23FB9849008B6178 /* LaunchScreen.storyboard */ = {
			isa = PBXVariantGroup;
			children = (
				7A40A9A023FB9849008B6178 /* Base */,
			);
			name = LaunchScreen.storyboard;
			sourceTree = "<group>";
		};
/* End PBXVariantGroup section */

/* Begin XCBuildConfiguration section */
		7A40A9B923FB984B008B6178 /* Debug */ = {
			isa = XCBuildConfiguration;
			buildSettings = {
				ALWAYS_SEARCH_USER_PATHS = NO;
				CLANG_ANALYZER_NONNULL = YES;
				CLANG_ANALYZER_NUMBER_OBJECT_CONVERSION = YES_AGGRESSIVE;
				CLANG_CXX_LANGUAGE_STANDARD = "gnu++14";
				CLANG_CXX_LIBRARY = "libc++";
				CLANG_ENABLE_MODULES = YES;
				CLANG_ENABLE_OBJC_ARC = YES;
				CLANG_ENABLE_OBJC_WEAK = YES;
				CLANG_WARN_BLOCK_CAPTURE_AUTORELEASING = YES;
				CLANG_WARN_BOOL_CONVERSION = YES;
				CLANG_WARN_COMMA = YES;
				CLANG_WARN_CONSTANT_CONVERSION = YES;
				CLANG_WARN_DEPRECATED_OBJC_IMPLEMENTATIONS = YES;
				CLANG_WARN_DIRECT_OBJC_ISA_USAGE = YES_ERROR;
				CLANG_WARN_DOCUMENTATION_COMMENTS = YES;
				CLANG_WARN_EMPTY_BODY = YES;
				CLANG_WARN_ENUM_CONVERSION = YES;
				CLANG_WARN_INFINITE_RECURSION = YES;
				CLANG_WARN_INT_CONVERSION = YES;
				CLANG_WARN_NON_LITERAL_NULL_CONVERSION = YES;
				CLANG_WARN_OBJC_IMPLICIT_RETAIN_SELF = YES;
				CLANG_WARN_OBJC_LITERAL_CONVERSION = YES;
				CLANG_WARN_OBJC_ROOT_CLASS = YES_ERROR;
				CLANG_WARN_RANGE_LOOP_ANALYSIS = YES;
				CLANG_WARN_STRICT_PROTOTYPES = YES;
				CLANG_WARN_SUSPICIOUS_MOVE = YES;
				CLANG_WARN_UNGUARDED_AVAILABILITY = YES_AGGRESSIVE;
				CLANG_WARN_UNREACHABLE_CODE = YES;
				CLANG_WARN__DUPLICATE_METHOD_MATCH = YES;
				COPY_PHASE_STRIP = NO;
				DEBUG_INFORMATION_FORMAT = dwarf;
				ENABLE_STRICT_OBJC_MSGSEND = YES;
				ENABLE_TESTABILITY = YES;
				GCC_C_LANGUAGE_STANDARD = gnu11;
				GCC_DYNAMIC_NO_PIC = NO;
				GCC_NO_COMMON_BLOCKS = YES;
				GCC_OPTIMIZATION_LEVEL = 0;
				GCC_PREPROCESSOR_DEFINITIONS = (
					"DEBUG=1",
					"$(inherited)",
				);
				GCC_WARN_64_TO_32_BIT_CONVERSION = YES;
				GCC_WARN_ABOUT_RETURN_TYPE = YES_ERROR;
				GCC_WARN_UNDECLARED_SELECTOR = YES;
				GCC_WARN_UNINITIALIZED_AUTOS = YES_AGGRESSIVE;
				GCC_WARN_UNUSED_FUNCTION = YES;
				GCC_WARN_UNUSED_VARIABLE = YES;
				IPHONEOS_DEPLOYMENT_TARGET = 13.2;
				MTL_ENABLE_DEBUG_INFO = INCLUDE_SOURCE;
				MTL_FAST_MATH = YES;
				ONLY_ACTIVE_ARCH = YES;
				SDKROOT = iphoneos;
				SWIFT_ACTIVE_COMPILATION_CONDITIONS = DEBUG;
				SWIFT_OPTIMIZATION_LEVEL = "-Onone";
			};
			name = Debug;
		};
		7A40A9BA23FB984B008B6178 /* Release */ = {
			isa = XCBuildConfiguration;
			buildSettings = {
				ALWAYS_SEARCH_USER_PATHS = NO;
				CLANG_ANALYZER_NONNULL = YES;
				CLANG_ANALYZER_NUMBER_OBJECT_CONVERSION = YES_AGGRESSIVE;
				CLANG_CXX_LANGUAGE_STANDARD = "gnu++14";
				CLANG_CXX_LIBRARY = "libc++";
				CLANG_ENABLE_MODULES = YES;
				CLANG_ENABLE_OBJC_ARC = YES;
				CLANG_ENABLE_OBJC_WEAK = YES;
				CLANG_WARN_BLOCK_CAPTURE_AUTORELEASING = YES;
				CLANG_WARN_BOOL_CONVERSION = YES;
				CLANG_WARN_COMMA = YES;
				CLANG_WARN_CONSTANT_CONVERSION = YES;
				CLANG_WARN_DEPRECATED_OBJC_IMPLEMENTATIONS = YES;
				CLANG_WARN_DIRECT_OBJC_ISA_USAGE = YES_ERROR;
				CLANG_WARN_DOCUMENTATION_COMMENTS = YES;
				CLANG_WARN_EMPTY_BODY = YES;
				CLANG_WARN_ENUM_CONVERSION = YES;
				CLANG_WARN_INFINITE_RECURSION = YES;
				CLANG_WARN_INT_CONVERSION = YES;
				CLANG_WARN_NON_LITERAL_NULL_CONVERSION = YES;
				CLANG_WARN_OBJC_IMPLICIT_RETAIN_SELF = YES;
				CLANG_WARN_OBJC_LITERAL_CONVERSION = YES;
				CLANG_WARN_OBJC_ROOT_CLASS = YES_ERROR;
				CLANG_WARN_RANGE_LOOP_ANALYSIS = YES;
				CLANG_WARN_STRICT_PROTOTYPES = YES;
				CLANG_WARN_SUSPICIOUS_MOVE = YES;
				CLANG_WARN_UNGUARDED_AVAILABILITY = YES_AGGRESSIVE;
				CLANG_WARN_UNREACHABLE_CODE = YES;
				CLANG_WARN__DUPLICATE_METHOD_MATCH = YES;
				COPY_PHASE_STRIP = NO;
				DEBUG_INFORMATION_FORMAT = "dwarf-with-dsym";
				ENABLE_NS_ASSERTIONS = NO;
				ENABLE_STRICT_OBJC_MSGSEND = YES;
				GCC_C_LANGUAGE_STANDARD = gnu11;
				GCC_NO_COMMON_BLOCKS = YES;
				GCC_WARN_64_TO_32_BIT_CONVERSION = YES;
				GCC_WARN_ABOUT_RETURN_TYPE = YES_ERROR;
				GCC_WARN_UNDECLARED_SELECTOR = YES;
				GCC_WARN_UNINITIALIZED_AUTOS = YES_AGGRESSIVE;
				GCC_WARN_UNUSED_FUNCTION = YES;
				GCC_WARN_UNUSED_VARIABLE = YES;
				IPHONEOS_DEPLOYMENT_TARGET = 13.2;
				MTL_ENABLE_DEBUG_INFO = NO;
				MTL_FAST_MATH = YES;
				SDKROOT = iphoneos;
				SWIFT_COMPILATION_MODE = wholemodule;
				SWIFT_OPTIMIZATION_LEVEL = "-O";
				VALIDATE_PRODUCT = YES;
			};
			name = Release;
		};
		7A40A9BC23FB984B008B6178 /* Debug */ = {
			isa = XCBuildConfiguration;
			buildSettings = {
				ASSETCATALOG_COMPILER_APPICON_NAME = AppIcon;
				CODE_SIGN_STYLE = Automatic;
				INFOPLIST_FILE = Homepwner/Info.plist;
				LD_RUNPATH_SEARCH_PATHS = (
					"$(inherited)",
					"@executable_path/Frameworks",
				);
				PRODUCT_BUNDLE_IDENTIFIER = ahadisi.Homepwner;
				PRODUCT_NAME = "$(TARGET_NAME)";
				SWIFT_VERSION = 5.0;
				TARGETED_DEVICE_FAMILY = "1,2";
			};
			name = Debug;
		};
		7A40A9BD23FB984B008B6178 /* Release */ = {
			isa = XCBuildConfiguration;
			buildSettings = {
				ASSETCATALOG_COMPILER_APPICON_NAME = AppIcon;
				CODE_SIGN_STYLE = Automatic;
				INFOPLIST_FILE = Homepwner/Info.plist;
				LD_RUNPATH_SEARCH_PATHS = (
					"$(inherited)",
					"@executable_path/Frameworks",
				);
				PRODUCT_BUNDLE_IDENTIFIER = ahadisi.Homepwner;
				PRODUCT_NAME = "$(TARGET_NAME)";
				SWIFT_VERSION = 5.0;
				TARGETED_DEVICE_FAMILY = "1,2";
			};
			name = Release;
		};
		7A40A9BF23FB984B008B6178 /* Debug */ = {
			isa = XCBuildConfiguration;
			buildSettings = {
				ALWAYS_EMBED_SWIFT_STANDARD_LIBRARIES = YES;
				BUNDLE_LOADER = "$(TEST_HOST)";
				CODE_SIGN_STYLE = Automatic;
				INFOPLIST_FILE = HomepwnerTests/Info.plist;
				IPHONEOS_DEPLOYMENT_TARGET = 13.2;
				LD_RUNPATH_SEARCH_PATHS = (
					"$(inherited)",
					"@executable_path/Frameworks",
					"@loader_path/Frameworks",
				);
				PRODUCT_BUNDLE_IDENTIFIER = ahadisi.HomepwnerTests;
				PRODUCT_NAME = "$(TARGET_NAME)";
				SWIFT_VERSION = 5.0;
				TARGETED_DEVICE_FAMILY = "1,2";
				TEST_HOST = "$(BUILT_PRODUCTS_DIR)/Homepwner.app/Homepwner";
			};
			name = Debug;
		};
		7A40A9C023FB984B008B6178 /* Release */ = {
			isa = XCBuildConfiguration;
			buildSettings = {
				ALWAYS_EMBED_SWIFT_STANDARD_LIBRARIES = YES;
				BUNDLE_LOADER = "$(TEST_HOST)";
				CODE_SIGN_STYLE = Automatic;
				INFOPLIST_FILE = HomepwnerTests/Info.plist;
				IPHONEOS_DEPLOYMENT_TARGET = 13.2;
				LD_RUNPATH_SEARCH_PATHS = (
					"$(inherited)",
					"@executable_path/Frameworks",
					"@loader_path/Frameworks",
				);
				PRODUCT_BUNDLE_IDENTIFIER = ahadisi.HomepwnerTests;
				PRODUCT_NAME = "$(TARGET_NAME)";
				SWIFT_VERSION = 5.0;
				TARGETED_DEVICE_FAMILY = "1,2";
				TEST_HOST = "$(BUILT_PRODUCTS_DIR)/Homepwner.app/Homepwner";
			};
			name = Release;
		};
		7A40A9C223FB984B008B6178 /* Debug */ = {
			isa = XCBuildConfiguration;
			buildSettings = {
				ALWAYS_EMBED_SWIFT_STANDARD_LIBRARIES = YES;
				CODE_SIGN_STYLE = Automatic;
				INFOPLIST_FILE = HomepwnerUITests/Info.plist;
				LD_RUNPATH_SEARCH_PATHS = (
					"$(inherited)",
					"@executable_path/Frameworks",
					"@loader_path/Frameworks",
				);
				PRODUCT_BUNDLE_IDENTIFIER = ahadisi.HomepwnerUITests;
				PRODUCT_NAME = "$(TARGET_NAME)";
				SWIFT_VERSION = 5.0;
				TARGETED_DEVICE_FAMILY = "1,2";
				TEST_TARGET_NAME = Homepwner;
			};
			name = Debug;
		};
		7A40A9C323FB984B008B6178 /* Release */ = {
			isa = XCBuildConfiguration;
			buildSettings = {
				ALWAYS_EMBED_SWIFT_STANDARD_LIBRARIES = YES;
				CODE_SIGN_STYLE = Automatic;
				INFOPLIST_FILE = HomepwnerUITests/Info.plist;
				LD_RUNPATH_SEARCH_PATHS = (
					"$(inherited)",
					"@executable_path/Frameworks",
					"@loader_path/Frameworks",
				);
				PRODUCT_BUNDLE_IDENTIFIER = ahadisi.HomepwnerUITests;
				PRODUCT_NAME = "$(TARGET_NAME)";
				SWIFT_VERSION = 5.0;
				TARGETED_DEVICE_FAMILY = "1,2";
				TEST_TARGET_NAME = Homepwner;
			};
			name = Release;
		};
/* End XCBuildConfiguration section */

/* Begin XCConfigurationList section */
		7A40A98C23FB9841008B6178 /* Build configuration list for PBXProject "Homepwner" */ = {
			isa = XCConfigurationList;
			buildConfigurations = (
				7A40A9B923FB984B008B6178 /* Debug */,
				7A40A9BA23FB984B008B6178 /* Release */,
			);
			defaultConfigurationIsVisible = 0;
			defaultConfigurationName = Release;
		};
		7A40A9BB23FB984B008B6178 /* Build configuration list for PBXNativeTarget "Homepwner" */ = {
			isa = XCConfigurationList;
			buildConfigurations = (
				7A40A9BC23FB984B008B6178 /* Debug */,
				7A40A9BD23FB984B008B6178 /* Release */,
			);
			defaultConfigurationIsVisible = 0;
			defaultConfigurationName = Release;
		};
		7A40A9BE23FB984B008B6178 /* Build configuration list for PBXNativeTarget "HomepwnerTests" */ = {
			isa = XCConfigurationList;
			buildConfigurations = (
				7A40A9BF23FB984B008B6178 /* Debug */,
				7A40A9C023FB984B008B6178 /* Release */,
			);
			defaultConfigurationIsVisible = 0;
			defaultConfigurationName = Release;
		};
		7A40A9C123FB984B008B6178 /* Build configuration list for PBXNativeTarget "HomepwnerUITests" */ = {
			isa = XCConfigurationList;
			buildConfigurations = (
				7A40A9C223FB984B008B6178 /* Debug */,
				7A40A9C323FB984B008B6178 /* Release */,
			);
			defaultConfigurationIsVisible = 0;
			defaultConfigurationName = Release;
		};
/* End XCConfigurationList section */
	};
	rootObject = 7A40A98923FB9841008B6178 /* Project object */;
}
